// !$*UTF8*$!
{
	archiveVersion = 1;
	classes = {
	};
	objectVersion = 56;
	objects = {

/* Begin PBXBuildFile section */
		3C4031132BEF478A0051400B /* AppDelegate.swift in Sources */ = {isa = PBXBuildFile; fileRef = 3C4031122BEF478A0051400B /* AppDelegate.swift */; };
		3C4031152BEF478A0051400B /* SceneDelegate.swift in Sources */ = {isa = PBXBuildFile; fileRef = 3C4031142BEF478A0051400B /* SceneDelegate.swift */; };
		3C4031172BEF478A0051400B /* ViewController.swift in Sources */ = {isa = PBXBuildFile; fileRef = 3C4031162BEF478A0051400B /* ViewController.swift */; };
		3C40311A2BEF478A0051400B /* Base in Resources */ = {isa = PBXBuildFile; fileRef = 3C4031192BEF478A0051400B /* Base */; };
		3C40311C2BEF478B0051400B /* Assets.xcassets in Resources */ = {isa = PBXBuildFile; fileRef = 3C40311B2BEF478B0051400B /* Assets.xcassets */; };
		3C40311F2BEF478B0051400B /* Base in Resources */ = {isa = PBXBuildFile; fileRef = 3C40311E2BEF478B0051400B /* Base */; };
		3C40312A2BEF478B0051400B /* myfirstappTests.swift in Sources */ = {isa = PBXBuildFile; fileRef = 3C4031292BEF478B0051400B /* myfirstappTests.swift */; };
		3C4031342BEF478B0051400B /* myfirstappUITests.swift in Sources */ = {isa = PBXBuildFile; fileRef = 3C4031332BEF478B0051400B /* myfirstappUITests.swift */; };
		3C4031362BEF478B0051400B /* myfirstappUITestsLaunchTests.swift in Sources */ = {isa = PBXBuildFile; fileRef = 3C4031352BEF478B0051400B /* myfirstappUITestsLaunchTests.swift */; };
/* End PBXBuildFile section */

/* Begin PBXContainerItemProxy section */
		3C4031262BEF478B0051400B /* PBXContainerItemProxy */ = {
			isa = PBXContainerItemProxy;
			containerPortal = 3C4031072BEF478A0051400B /* Project object */;
			proxyType = 1;
			remoteGlobalIDString = 3C40310E2BEF478A0051400B;
			remoteInfo = myfirstapp;
		};
		3C4031302BEF478B0051400B /* PBXContainerItemProxy */ = {
			isa = PBXContainerItemProxy;
			containerPortal = 3C4031072BEF478A0051400B /* Project object */;
			proxyType = 1;
			remoteGlobalIDString = 3C40310E2BEF478A0051400B;
			remoteInfo = myfirstapp;
		};
/* End PBXContainerItemProxy section */

/* Begin PBXFileReference section */
		3C40310F2BEF478A0051400B /* myfirstapp.app */ = {isa = PBXFileReference; explicitFileType = wrapper.application; includeInIndex = 0; path = myfirstapp.app; sourceTree = BUILT_PRODUCTS_DIR; };
		3C4031122BEF478A0051400B /* AppDelegate.swift */ = {isa = PBXFileReference; lastKnownFileType = sourcecode.swift; path = AppDelegate.swift; sourceTree = "<group>"; };
		3C4031142BEF478A0051400B /* SceneDelegate.swift */ = {isa = PBXFileReference; lastKnownFileType = sourcecode.swift; path = SceneDelegate.swift; sourceTree = "<group>"; };
		3C4031162BEF478A0051400B /* ViewController.swift */ = {isa = PBXFileReference; lastKnownFileType = sourcecode.swift; path = ViewController.swift; sourceTree = "<group>"; };
		3C4031192BEF478A0051400B /* Base */ = {isa = PBXFileReference; lastKnownFileType = file.storyboard; name = Base; path = Base.lproj/Main.storyboard; sourceTree = "<group>"; };
		3C40311B2BEF478B0051400B /* Assets.xcassets */ = {isa = PBXFileReference; lastKnownFileType = folder.assetcatalog; path = Assets.xcassets; sourceTree = "<group>"; };
		3C40311E2BEF478B0051400B /* Base */ = {isa = PBXFileReference; lastKnownFileType = file.storyboard; name = Base; path = Base.lproj/LaunchScreen.storyboard; sourceTree = "<group>"; };
		3C4031202BEF478B0051400B /* Info.plist */ = {isa = PBXFileReference; lastKnownFileType = text.plist.xml; path = Info.plist; sourceTree = "<group>"; };
		3C4031252BEF478B0051400B /* myfirstappTests.xctest */ = {isa = PBXFileReference; explicitFileType = wrapper.cfbundle; includeInIndex = 0; path = myfirstappTests.xctest; sourceTree = BUILT_PRODUCTS_DIR; };
		3C4031292BEF478B0051400B /* myfirstappTests.swift */ = {isa = PBXFileReference; lastKnownFileType = sourcecode.swift; path = myfirstappTests.swift; sourceTree = "<group>"; };
		3C40312F2BEF478B0051400B /* myfirstappUITests.xctest */ = {isa = PBXFileReference; explicitFileType = wrapper.cfbundle; includeInIndex = 0; path = myfirstappUITests.xctest; sourceTree = BUILT_PRODUCTS_DIR; };
		3C4031332BEF478B0051400B /* myfirstappUITests.swift */ = {isa = PBXFileReference; lastKnownFileType = sourcecode.swift; path = myfirstappUITests.swift; sourceTree = "<group>"; };
		3C4031352BEF478B0051400B /* myfirstappUITestsLaunchTests.swift */ = {isa = PBXFileReference; lastKnownFileType = sourcecode.swift; path = myfirstappUITestsLaunchTests.swift; sourceTree = "<group>"; };
/* End PBXFileReference section */

/* Begin PBXFrameworksBuildPhase section */
		3C40310C2BEF478A0051400B /* Frameworks */ = {
			isa = PBXFrameworksBuildPhase;
			buildActionMask = 2147483647;
			files = (
			);
			runOnlyForDeploymentPostprocessing = 0;
		};
		3C4031222BEF478B0051400B /* Frameworks */ = {
			isa = PBXFrameworksBuildPhase;
			buildActionMask = 2147483647;
			files = (
			);
			runOnlyForDeploymentPostprocessing = 0;
		};
		3C40312C2BEF478B0051400B /* Frameworks */ = {
			isa = PBXFrameworksBuildPhase;
			buildActionMask = 2147483647;
			files = (
			);
			runOnlyForDeploymentPostprocessing = 0;
		};
/* End PBXFrameworksBuildPhase section */

/* Begin PBXGroup section */
		3C4031062BEF478A0051400B = {
			isa = PBXGroup;
			children = (
				3C4031112BEF478A0051400B /* myfirstapp */,
				3C4031282BEF478B0051400B /* myfirstappTests */,
				3C4031322BEF478B0051400B /* myfirstappUITests */,
				3C4031102BEF478A0051400B /* Products */,
			);
			sourceTree = "<group>";
		};
		3C4031102BEF478A0051400B /* Products */ = {
			isa = PBXGroup;
			children = (
				3C40310F2BEF478A0051400B /* myfirstapp.app */,
				3C4031252BEF478B0051400B /* myfirstappTests.xctest */,
				3C40312F2BEF478B0051400B /* myfirstappUITests.xctest */,
			);
			name = Products;
			sourceTree = "<group>";
		};
		3C4031112BEF478A0051400B /* myfirstapp */ = {
			isa = PBXGroup;
			children = (
				3C4031122BEF478A0051400B /* AppDelegate.swift */,
				3C4031142BEF478A0051400B /* SceneDelegate.swift */,
				3C4031162BEF478A0051400B /* ViewController.swift */,
				3C4031182BEF478A0051400B /* Main.storyboard */,
				3C40311B2BEF478B0051400B /* Assets.xcassets */,
				3C40311D2BEF478B0051400B /* LaunchScreen.storyboard */,
				3C4031202BEF478B0051400B /* Info.plist */,
			);
			path = myfirstapp;
			sourceTree = "<group>";
		};
		3C4031282BEF478B0051400B /* myfirstappTests */ = {
			isa = PBXGroup;
			children = (
				3C4031292BEF478B0051400B /* myfirstappTests.swift */,
			);
			path = myfirstappTests;
			sourceTree = "<group>";
		};
		3C4031322BEF478B0051400B /* myfirstappUITests */ = {
			isa = PBXGroup;
			children = (
				3C4031332BEF478B0051400B /* myfirstappUITests.swift */,
				3C4031352BEF478B0051400B /* myfirstappUITestsLaunchTests.swift */,
			);
			path = myfirstappUITests;
			sourceTree = "<group>";
		};
/* End PBXGroup section */

/* Begin PBXNativeTarget section */
		3C40310E2BEF478A0051400B /* myfirstapp */ = {
			isa = PBXNativeTarget;
			buildConfigurationList = 3C4031392BEF478B0051400B /* Build configuration list for PBXNativeTarget "myfirstapp" */;
			buildPhases = (
				3C40310B2BEF478A0051400B /* Sources */,
				3C40310C2BEF478A0051400B /* Frameworks */,
				3C40310D2BEF478A0051400B /* Resources */,
			);
			buildRules = (
			);
			dependencies = (
			);
			name = myfirstapp;
			productName = myfirstapp;
			productReference = 3C40310F2BEF478A0051400B /* myfirstapp.app */;
			productType = "com.apple.product-type.application";
		};
		3C4031242BEF478B0051400B /* myfirstappTests */ = {
			isa = PBXNativeTarget;
			buildConfigurationList = 3C40313C2BEF478B0051400B /* Build configuration list for PBXNativeTarget "myfirstappTests" */;
			buildPhases = (
				3C4031212BEF478B0051400B /* Sources */,
				3C4031222BEF478B0051400B /* Frameworks */,
				3C4031232BEF478B0051400B /* Resources */,
			);
			buildRules = (
			);
			dependencies = (
				3C4031272BEF478B0051400B /* PBXTargetDependency */,
			);
			name = myfirstappTests;
			productName = myfirstappTests;
			productReference = 3C4031252BEF478B0051400B /* myfirstappTests.xctest */;
			productType = "com.apple.product-type.bundle.unit-test";
		};
		3C40312E2BEF478B0051400B /* myfirstappUITests */ = {
			isa = PBXNativeTarget;
			buildConfigurationList = 3C40313F2BEF478B0051400B /* Build configuration list for PBXNativeTarget "myfirstappUITests" */;
			buildPhases = (
				3C40312B2BEF478B0051400B /* Sources */,
				3C40312C2BEF478B0051400B /* Frameworks */,
				3C40312D2BEF478B0051400B /* Resources */,
			);
			buildRules = (
			);
			dependencies = (
				3C4031312BEF478B0051400B /* PBXTargetDependency */,
			);
			name = myfirstappUITests;
			productName = myfirstappUITests;
			productReference = 3C40312F2BEF478B0051400B /* myfirstappUITests.xctest */;
			productType = "com.apple.product-type.bundle.ui-testing";
		};
/* End PBXNativeTarget section */

/* Begin PBXProject section */
		3C4031072BEF478A0051400B /* Project object */ = {
			isa = PBXProject;
			attributes = {
				BuildIndependentTargetsInParallel = 1;
				LastSwiftUpdateCheck = 1530;
				LastUpgradeCheck = 1530;
				TargetAttributes = {
					3C40310E2BEF478A0051400B = {
						CreatedOnToolsVersion = 15.3;
					};
					3C4031242BEF478B0051400B = {
						CreatedOnToolsVersion = 15.3;
						TestTargetID = 3C40310E2BEF478A0051400B;
					};
					3C40312E2BEF478B0051400B = {
						CreatedOnToolsVersion = 15.3;
						TestTargetID = 3C40310E2BEF478A0051400B;
					};
				};
			};
			buildConfigurationList = 3C40310A2BEF478A0051400B /* Build configuration list for PBXProject "myfirstapp" */;
			compatibilityVersion = "Xcode 14.0";
			developmentRegion = en;
			hasScannedForEncodings = 0;
			knownRegions = (
				en,
				Base,
			);
			mainGroup = 3C4031062BEF478A0051400B;
			productRefGroup = 3C4031102BEF478A0051400B /* Products */;
			projectDirPath = "";
			projectRoot = "";
			targets = (
				3C40310E2BEF478A0051400B /* myfirstapp */,
				3C4031242BEF478B0051400B /* myfirstappTests */,
				3C40312E2BEF478B0051400B /* myfirstappUITests */,
			);
		};
/* End PBXProject section */

/* Begin PBXResourcesBuildPhase section */
		3C40310D2BEF478A0051400B /* Resources */ = {
			isa = PBXResourcesBuildPhase;
			buildActionMask = 2147483647;
			files = (
				3C40311C2BEF478B0051400B /* Assets.xcassets in Resources */,
				3C40311F2BEF478B0051400B /* Base in Resources */,
				3C40311A2BEF478A0051400B /* Base in Resources */,
			);
			runOnlyForDeploymentPostprocessing = 0;
		};
		3C4031232BEF478B0051400B /* Resources */ = {
			isa = PBXResourcesBuildPhase;
			buildActionMask = 2147483647;
			files = (
			);
			runOnlyForDeploymentPostprocessing = 0;
		};
		3C40312D2BEF478B0051400B /* Resources */ = {
			isa = PBXResourcesBuildPhase;
			buildActionMask = 2147483647;
			files = (
			);
			runOnlyForDeploymentPostprocessing = 0;
		};
/* End PBXResourcesBuildPhase section */

/* Begin PBXSourcesBuildPhase section */
		3C40310B2BEF478A0051400B /* Sources */ = {
			isa = PBXSourcesBuildPhase;
			buildActionMask = 2147483647;
			files = (
				3C4031172BEF478A0051400B /* ViewController.swift in Sources */,
				3C4031132BEF478A0051400B /* AppDelegate.swift in Sources */,
				3C4031152BEF478A0051400B /* SceneDelegate.swift in Sources */,
			);
			runOnlyForDeploymentPostprocessing = 0;
		};
		3C4031212BEF478B0051400B /* Sources */ = {
			isa = PBXSourcesBuildPhase;
			buildActionMask = 2147483647;
			files = (
				3C40312A2BEF478B0051400B /* myfirstappTests.swift in Sources */,
			);
			runOnlyForDeploymentPostprocessing = 0;
		};
		3C40312B2BEF478B0051400B /* Sources */ = {
			isa = PBXSourcesBuildPhase;
			buildActionMask = 2147483647;
			files = (
				3C4031342BEF478B0051400B /* myfirstappUITests.swift in Sources */,
				3C4031362BEF478B0051400B /* myfirstappUITestsLaunchTests.swift in Sources */,
			);
			runOnlyForDeploymentPostprocessing = 0;
		};
/* End PBXSourcesBuildPhase section */

/* Begin PBXTargetDependency section */
		3C4031272BEF478B0051400B /* PBXTargetDependency */ = {
			isa = PBXTargetDependency;
			target = 3C40310E2BEF478A0051400B /* myfirstapp */;
			targetProxy = 3C4031262BEF478B0051400B /* PBXContainerItemProxy */;
		};
		3C4031312BEF478B0051400B /* PBXTargetDependency */ = {
			isa = PBXTargetDependency;
			target = 3C40310E2BEF478A0051400B /* myfirstapp */;
			targetProxy = 3C4031302BEF478B0051400B /* PBXContainerItemProxy */;
		};
/* End PBXTargetDependency section */

/* Begin PBXVariantGroup section */
		3C4031182BEF478A0051400B /* Main.storyboard */ = {
			isa = PBXVariantGroup;
			children = (
				3C4031192BEF478A0051400B /* Base */,
			);
			name = Main.storyboard;
			sourceTree = "<group>";
		};
		3C40311D2BEF478B0051400B /* LaunchScreen.storyboard */ = {
			isa = PBXVariantGroup;
			children = (
				3C40311E2BEF478B0051400B /* Base */,
			);
			name = LaunchScreen.storyboard;
			sourceTree = "<group>";
		};
/* End PBXVariantGroup section */

/* Begin XCBuildConfiguration section */
		3C4031372BEF478B0051400B /* Debug */ = {
			isa = XCBuildConfiguration;
			buildSettings = {
				ALWAYS_SEARCH_USER_PATHS = NO;
				ASSETCATALOG_COMPILER_GENERATE_SWIFT_ASSET_SYMBOL_EXTENSIONS = YES;
				CLANG_ANALYZER_NONNULL = YES;
				CLANG_ANALYZER_NUMBER_OBJECT_CONVERSION = YES_AGGRESSIVE;
				CLANG_CXX_LANGUAGE_STANDARD = "gnu++20";
				CLANG_ENABLE_MODULES = YES;
				CLANG_ENABLE_OBJC_ARC = YES;
				CLANG_ENABLE_OBJC_WEAK = YES;
				CLANG_WARN_BLOCK_CAPTURE_AUTORELEASING = YES;
				CLANG_WARN_BOOL_CONVERSION = YES;
				CLANG_WARN_COMMA = YES;
				CLANG_WARN_CONSTANT_CONVERSION = YES;
				CLANG_WARN_DEPRECATED_OBJC_IMPLEMENTATIONS = YES;
				CLANG_WARN_DIRECT_OBJC_ISA_USAGE = YES_ERROR;
				CLANG_WARN_DOCUMENTATION_COMMENTS = YES;
				CLANG_WARN_EMPTY_BODY = YES;
				CLANG_WARN_ENUM_CONVERSION = YES;
				CLANG_WARN_INFINITE_RECURSION = YES;
				CLANG_WARN_INT_CONVERSION = YES;
				CLANG_WARN_NON_LITERAL_NULL_CONVERSION = YES;
				CLANG_WARN_OBJC_IMPLICIT_RETAIN_SELF = YES;
				CLANG_WARN_OBJC_LITERAL_CONVERSION = YES;
				CLANG_WARN_OBJC_ROOT_CLASS = YES_ERROR;
				CLANG_WARN_QUOTED_INCLUDE_IN_FRAMEWORK_HEADER = YES;
				CLANG_WARN_RANGE_LOOP_ANALYSIS = YES;
				CLANG_WARN_STRICT_PROTOTYPES = YES;
				CLANG_WARN_SUSPICIOUS_MOVE = YES;
				CLANG_WARN_UNGUARDED_AVAILABILITY = YES_AGGRESSIVE;
				CLANG_WARN_UNREACHABLE_CODE = YES;
				CLANG_WARN__DUPLICATE_METHOD_MATCH = YES;
				COPY_PHASE_STRIP = NO;
				DEBUG_INFORMATION_FORMAT = dwarf;
				ENABLE_STRICT_OBJC_MSGSEND = YES;
				ENABLE_TESTABILITY = YES;
				ENABLE_USER_SCRIPT_SANDBOXING = YES;
				GCC_C_LANGUAGE_STANDARD = gnu17;
				GCC_DYNAMIC_NO_PIC = NO;
				GCC_NO_COMMON_BLOCKS = YES;
				GCC_OPTIMIZATION_LEVEL = 0;
				GCC_PREPROCESSOR_DEFINITIONS = (
					"DEBUG=1",
					"$(inherited)",
				);
				GCC_WARN_64_TO_32_BIT_CONVERSION = YES;
				GCC_WARN_ABOUT_RETURN_TYPE = YES_ERROR;
				GCC_WARN_UNDECLARED_SELECTOR = YES;
				GCC_WARN_UNINITIALIZED_AUTOS = YES_AGGRESSIVE;
				GCC_WARN_UNUSED_FUNCTION = YES;
				GCC_WARN_UNUSED_VARIABLE = YES;
				IPHONEOS_DEPLOYMENT_TARGET = 17.4;
				LOCALIZATION_PREFERS_STRING_CATALOGS = YES;
				MTL_ENABLE_DEBUG_INFO = INCLUDE_SOURCE;
				MTL_FAST_MATH = YES;
				ONLY_ACTIVE_ARCH = YES;
				SDKROOT = iphoneos;
				SWIFT_ACTIVE_COMPILATION_CONDITIONS = "DEBUG $(inherited)";
				SWIFT_OPTIMIZATION_LEVEL = "-Onone";
			};
			name = Debug;
		};
		3C4031382BEF478B0051400B /* Release */ = {
			isa = XCBuildConfiguration;
			buildSettings = {
				ALWAYS_SEARCH_USER_PATHS = NO;
				ASSETCATALOG_COMPILER_GENERATE_SWIFT_ASSET_SYMBOL_EXTENSIONS = YES;
				CLANG_ANALYZER_NONNULL = YES;
				CLANG_ANALYZER_NUMBER_OBJECT_CONVERSION = YES_AGGRESSIVE;
				CLANG_CXX_LANGUAGE_STANDARD = "gnu++20";
				CLANG_ENABLE_MODULES = YES;
				CLANG_ENABLE_OBJC_ARC = YES;
				CLANG_ENABLE_OBJC_WEAK = YES;
				CLANG_WARN_BLOCK_CAPTURE_AUTORELEASING = YES;
				CLANG_WARN_BOOL_CONVERSION = YES;
				CLANG_WARN_COMMA = YES;
				CLANG_WARN_CONSTANT_CONVERSION = YES;
				CLANG_WARN_DEPRECATED_OBJC_IMPLEMENTATIONS = YES;
				CLANG_WARN_DIRECT_OBJC_ISA_USAGE = YES_ERROR;
				CLANG_WARN_DOCUMENTATION_COMMENTS = YES;
				CLANG_WARN_EMPTY_BODY = YES;
				CLANG_WARN_ENUM_CONVERSION = YES;
				CLANG_WARN_INFINITE_RECURSION = YES;
				CLANG_WARN_INT_CONVERSION = YES;
				CLANG_WARN_NON_LITERAL_NULL_CONVERSION = YES;
				CLANG_WARN_OBJC_IMPLICIT_RETAIN_SELF = YES;
				CLANG_WARN_OBJC_LITERAL_CONVERSION = YES;
				CLANG_WARN_OBJC_ROOT_CLASS = YES_ERROR;
				CLANG_WARN_QUOTED_INCLUDE_IN_FRAMEWORK_HEADER = YES;
				CLANG_WARN_RANGE_LOOP_ANALYSIS = YES;
				CLANG_WARN_STRICT_PROTOTYPES = YES;
				CLANG_WARN_SUSPICIOUS_MOVE = YES;
				CLANG_WARN_UNGUARDED_AVAILABILITY = YES_AGGRESSIVE;
				CLANG_WARN_UNREACHABLE_CODE = YES;
				CLANG_WARN__DUPLICATE_METHOD_MATCH = YES;
				COPY_PHASE_STRIP = NO;
				DEBUG_INFORMATION_FORMAT = "dwarf-with-dsym";
				ENABLE_NS_ASSERTIONS = NO;
				ENABLE_STRICT_OBJC_MSGSEND = YES;
				ENABLE_USER_SCRIPT_SANDBOXING = YES;
				GCC_C_LANGUAGE_STANDARD = gnu17;
				GCC_NO_COMMON_BLOCKS = YES;
				GCC_WARN_64_TO_32_BIT_CONVERSION = YES;
				GCC_WARN_ABOUT_RETURN_TYPE = YES_ERROR;
				GCC_WARN_UNDECLARED_SELECTOR = YES;
				GCC_WARN_UNINITIALIZED_AUTOS = YES_AGGRESSIVE;
				GCC_WARN_UNUSED_FUNCTION = YES;
				GCC_WARN_UNUSED_VARIABLE = YES;
				IPHONEOS_DEPLOYMENT_TARGET = 17.4;
				LOCALIZATION_PREFERS_STRING_CATALOGS = YES;
				MTL_ENABLE_DEBUG_INFO = NO;
				MTL_FAST_MATH = YES;
				SDKROOT = iphoneos;
				SWIFT_COMPILATION_MODE = wholemodule;
				VALIDATE_PRODUCT = YES;
			};
			name = Release;
		};
		3C40313A2BEF478B0051400B /* Debug */ = {
			isa = XCBuildConfiguration;
			buildSettings = {
				ASSETCATALOG_COMPILER_APPICON_NAME = AppIcon;
				ASSETCATALOG_COMPILER_GLOBAL_ACCENT_COLOR_NAME = AccentColor;
				CODE_SIGN_STYLE = Automatic;
				CURRENT_PROJECT_VERSION = 1;
				GENERATE_INFOPLIST_FILE = YES;
				INFOPLIST_FILE = myfirstapp/Info.plist;
				INFOPLIST_KEY_UIApplicationSupportsIndirectInputEvents = YES;
				INFOPLIST_KEY_UILaunchStoryboardName = LaunchScreen;
				INFOPLIST_KEY_UIMainStoryboardFile = Main;
				INFOPLIST_KEY_UISupportedInterfaceOrientations_iPad = "UIInterfaceOrientationPortrait UIInterfaceOrientationPortraitUpsideDown UIInterfaceOrientationLandscapeLeft UIInterfaceOrientationLandscapeRight";
				INFOPLIST_KEY_UISupportedInterfaceOrientations_iPhone = "UIInterfaceOrientationPortrait UIInterfaceOrientationLandscapeLeft UIInterfaceOrientationLandscapeRight";
				LD_RUNPATH_SEARCH_PATHS = (
					"$(inherited)",
					"@executable_path/Frameworks",
				);
				MARKETING_VERSION = 1.0;
				PRODUCT_BUNDLE_IDENTIFIER = why.myfirstapp;
				PRODUCT_NAME = "$(TARGET_NAME)";
				SWIFT_EMIT_LOC_STRINGS = YES;
				SWIFT_VERSION = 5.0;
				TARGETED_DEVICE_FAMILY = "1,2";
			};
			name = Debug;
		};
		3C40313B2BEF478B0051400B /* Release */ = {
			isa = XCBuildConfiguration;
			buildSettings = {
				ASSETCATALOG_COMPILER_APPICON_NAME = AppIcon;
				ASSETCATALOG_COMPILER_GLOBAL_ACCENT_COLOR_NAME = AccentColor;
				CODE_SIGN_STYLE = Automatic;
				CURRENT_PROJECT_VERSION = 1;
				GENERATE_INFOPLIST_FILE = YES;
				INFOPLIST_FILE = myfirstapp/Info.plist;
				INFOPLIST_KEY_UIApplicationSupportsIndirectInputEvents = YES;
				INFOPLIST_KEY_UILaunchStoryboardName = LaunchScreen;
				INFOPLIST_KEY_UIMainStoryboardFile = Main;
				INFOPLIST_KEY_UISupportedInterfaceOrientations_iPad = "UIInterfaceOrientationPortrait UIInterfaceOrientationPortraitUpsideDown UIInterfaceOrientationLandscapeLeft UIInterfaceOrientationLandscapeRight";
				INFOPLIST_KEY_UISupportedInterfaceOrientations_iPhone = "UIInterfaceOrientationPortrait UIInterfaceOrientationLandscapeLeft UIInterfaceOrientationLandscapeRight";
				LD_RUNPATH_SEARCH_PATHS = (
					"$(inherited)",
					"@executable_path/Frameworks",
				);
				MARKETING_VERSION = 1.0;
				PRODUCT_BUNDLE_IDENTIFIER = why.myfirstapp;
				PRODUCT_NAME = "$(TARGET_NAME)";
				SWIFT_EMIT_LOC_STRINGS = YES;
				SWIFT_VERSION = 5.0;
				TARGETED_DEVICE_FAMILY = "1,2";
			};
			name = Release;
		};
		3C40313D2BEF478B0051400B /* Debug */ = {
			isa = XCBuildConfiguration;
			buildSettings = {
				ALWAYS_EMBED_SWIFT_STANDARD_LIBRARIES = YES;
				BUNDLE_LOADER = "$(TEST_HOST)";
				CODE_SIGN_STYLE = Automatic;
				CURRENT_PROJECT_VERSION = 1;
				GENERATE_INFOPLIST_FILE = YES;
				IPHONEOS_DEPLOYMENT_TARGET = 17.4;
				MARKETING_VERSION = 1.0;
				PRODUCT_BUNDLE_IDENTIFIER = why.myfirstappTests;
				PRODUCT_NAME = "$(TARGET_NAME)";
				SWIFT_EMIT_LOC_STRINGS = NO;
				SWIFT_VERSION = 5.0;
				TARGETED_DEVICE_FAMILY = "1,2";
				TEST_HOST = "$(BUILT_PRODUCTS_DIR)/myfirstapp.app/$(BUNDLE_EXECUTABLE_FOLDER_PATH)/myfirstapp";
			};
			name = Debug;
		};
		3C40313E2BEF478B0051400B /* Release */ = {
			isa = XCBuildConfiguration;
			buildSettings = {
				ALWAYS_EMBED_SWIFT_STANDARD_LIBRARIES = YES;
				BUNDLE_LOADER = "$(TEST_HOST)";
				CODE_SIGN_STYLE = Automatic;
				CURRENT_PROJECT_VERSION = 1;
				GENERATE_INFOPLIST_FILE = YES;
				IPHONEOS_DEPLOYMENT_TARGET = 17.4;
				MARKETING_VERSION = 1.0;
				PRODUCT_BUNDLE_IDENTIFIER = why.myfirstappTests;
				PRODUCT_NAME = "$(TARGET_NAME)";
				SWIFT_EMIT_LOC_STRINGS = NO;
				SWIFT_VERSION = 5.0;
				TARGETED_DEVICE_FAMILY = "1,2";
				TEST_HOST = "$(BUILT_PRODUCTS_DIR)/myfirstapp.app/$(BUNDLE_EXECUTABLE_FOLDER_PATH)/myfirstapp";
			};
			name = Release;
		};
		3C4031402BEF478B0051400B /* Debug */ = {
			isa = XCBuildConfiguration;
			buildSettings = {
				ALWAYS_EMBED_SWIFT_STANDARD_LIBRARIES = YES;
				CODE_SIGN_STYLE = Automatic;
				CURRENT_PROJECT_VERSION = 1;
				GENERATE_INFOPLIST_FILE = YES;
				MARKETING_VERSION = 1.0;
				PRODUCT_BUNDLE_IDENTIFIER = why.myfirstappUITests;
				PRODUCT_NAME = "$(TARGET_NAME)";
				SWIFT_EMIT_LOC_STRINGS = NO;
				SWIFT_VERSION = 5.0;
				TARGETED_DEVICE_FAMILY = "1,2";
				TEST_TARGET_NAME = myfirstapp;
			};
			name = Debug;
		};
		3C4031412BEF478B0051400B /* Release */ = {
			isa = XCBuildConfiguration;
			buildSettings = {
				ALWAYS_EMBED_SWIFT_STANDARD_LIBRARIES = YES;
				CODE_SIGN_STYLE = Automatic;
				CURRENT_PROJECT_VERSION = 1;
				GENERATE_INFOPLIST_FILE = YES;
				MARKETING_VERSION = 1.0;
				PRODUCT_BUNDLE_IDENTIFIER = why.myfirstappUITests;
				PRODUCT_NAME = "$(TARGET_NAME)";
				SWIFT_EMIT_LOC_STRINGS = NO;
				SWIFT_VERSION = 5.0;
				TARGETED_DEVICE_FAMILY = "1,2";
				TEST_TARGET_NAME = myfirstapp;
			};
			name = Release;
		};
/* End XCBuildConfiguration section */

/* Begin XCConfigurationList section */
		3C40310A2BEF478A0051400B /* Build configuration list for PBXProject "myfirstapp" */ = {
			isa = XCConfigurationList;
			buildConfigurations = (
				3C4031372BEF478B0051400B /* Debug */,
				3C4031382BEF478B0051400B /* Release */,
			);
			defaultConfigurationIsVisible = 0;
			defaultConfigurationName = Release;
		};
		3C4031392BEF478B0051400B /* Build configuration list for PBXNativeTarget "myfirstapp" */ = {
			isa = XCConfigurationList;
			buildConfigurations = (
				3C40313A2BEF478B0051400B /* Debug */,
				3C40313B2BEF478B0051400B /* Release */,
			);
			defaultConfigurationIsVisible = 0;
			defaultConfigurationName = Release;
		};
		3C40313C2BEF478B0051400B /* Build configuration list for PBXNativeTarget "myfirstappTests" */ = {
			isa = XCConfigurationList;
			buildConfigurations = (
				3C40313D2BEF478B0051400B /* Debug */,
				3C40313E2BEF478B0051400B /* Release */,
			);
			defaultConfigurationIsVisible = 0;
			defaultConfigurationName = Release;
		};
		3C40313F2BEF478B0051400B /* Build configuration list for PBXNativeTarget "myfirstappUITests" */ = {
			isa = XCConfigurationList;
			buildConfigurations = (
				3C4031402BEF478B0051400B /* Debug */,
				3C4031412BEF478B0051400B /* Release */,
			);
			defaultConfigurationIsVisible = 0;
			defaultConfigurationName = Release;
		};
/* End XCConfigurationList section */
	};
	rootObject = 3C4031072BEF478A0051400B /* Project object */;
}
